
Microsoft Visual Studio Solution File, Format Version 12.00
# Visual Studio Version 16
VisualStudioVersion = 16.0.31112.23
MinimumVisualStudioVersion = 10.0.40219.1
Project("{8BC9CEB8-8B4A-11D0-8D11-00A0C91BC942}") = "40006", "40006\40006.vcxproj", "{C74F3156-94D6-4EC9-99D4-C7A51C5077EF}"
EndProject
Global
	GlobalSection(SolutionConfigurationPlatforms) = preSolution
		Debug|x64 = Debug|x64
		Debug|x86 = Debug|x86
		Release|x64 = Release|x64
		Release|x86 = Release|x86
	EndGlobalSection
	GlobalSection(ProjectConfigurationPlatforms) = postSolution
		{C74F3156-94D6-4EC9-99D4-C7A51C5077EF}.Debug|x64.ActiveCfg = Debug|x64
		{C74F3156-94D6-4EC9-99D4-C7A51C5077EF}.Debug|x64.Build.0 = Debug|x64
		{C74F3156-94D6-4EC9-99D4-C7A51C5077EF}.Debug|x86.ActiveCfg = Debug|Win32
		{C74F3156-94D6-4EC9-99D4-C7A51C5077EF}.Debug|x86.Build.0 = Debug|Win32
		{C74F3156-94D6-4EC9-99D4-C7A51C5077EF}.Release|x64.ActiveCfg = Release|x64
		{C74F3156-94D6-4EC9-99D4-C7A51C5077EF}.Release|x64.Build.0 = Release|x64
		{C74F3156-94D6-4EC9-99D4-C7A51C5077EF}.Release|x86.ActiveCfg = Release|Win32
		{C74F3156-94D6-4EC9-99D4-C7A51C5077EF}.Release|x86.Build.0 = Release|Win32
	EndGlobalSection
	GlobalSection(SolutionProperties) = preSolution
		HideSolutionNode = FALSE
	EndGlobalSection
	GlobalSection(ExtensibilityGlobals) = postSolution
		SolutionGuid = {5FBAFF89-4706-41AD-8411-2F2E3355B9C8}
	EndGlobalSection
EndGlobal
